// !$*UTF8*$!
{
	archiveVersion = 1;
	classes = {
	};
	objectVersion = 50;
	objects = {

/* Begin PBXBuildFile section */
		17C19F862379482E006A32B4 /* AppDelegate.swift in Sources */ = {isa = PBXBuildFile; fileRef = 17C19F852379482E006A32B4 /* AppDelegate.swift */; };
		17C19F882379482E006A32B4 /* ViewController.swift in Sources */ = {isa = PBXBuildFile; fileRef = 17C19F872379482E006A32B4 /* ViewController.swift */; };
		17C19F8B2379482E006A32B4 /* Main.storyboard in Resources */ = {isa = PBXBuildFile; fileRef = 17C19F892379482E006A32B4 /* Main.storyboard */; };
		17C19F8D23794830006A32B4 /* Assets.xcassets in Resources */ = {isa = PBXBuildFile; fileRef = 17C19F8C23794830006A32B4 /* Assets.xcassets */; };
		17C19F9023794830006A32B4 /* LaunchScreen.storyboard in Resources */ = {isa = PBXBuildFile; fileRef = 17C19F8E23794830006A32B4 /* LaunchScreen.storyboard */; };
		17C19F9B23794830006A32B4 /* Results_with_autolayoutsTests.swift in Sources */ = {isa = PBXBuildFile; fileRef = 17C19F9A23794830006A32B4 /* Results_with_autolayoutsTests.swift */; };
		17C19FA623794830006A32B4 /* Results_with_autolayoutsUITests.swift in Sources */ = {isa = PBXBuildFile; fileRef = 17C19FA523794830006A32B4 /* Results_with_autolayoutsUITests.swift */; };
/* End PBXBuildFile section */

/* Begin PBXContainerItemProxy section */
		17C19F9723794830006A32B4 /* PBXContainerItemProxy */ = {
			isa = PBXContainerItemProxy;
			containerPortal = 17C19F7A2379482E006A32B4 /* Project object */;
			proxyType = 1;
			remoteGlobalIDString = 17C19F812379482E006A32B4;
			remoteInfo = "Results with autolayouts";
		};
		17C19FA223794830006A32B4 /* PBXContainerItemProxy */ = {
			isa = PBXContainerItemProxy;
			containerPortal = 17C19F7A2379482E006A32B4 /* Project object */;
			proxyType = 1;
			remoteGlobalIDString = 17C19F812379482E006A32B4;
			remoteInfo = "Results with autolayouts";
		};
/* End PBXContainerItemProxy section */

/* Begin PBXFileReference section */
		17C19F822379482E006A32B4 /* Results with autolayouts.app */ = {isa = PBXFileReference; explicitFileType = wrapper.application; includeInIndex = 0; path = "Results with autolayouts.app"; sourceTree = BUILT_PRODUCTS_DIR; };
		17C19F852379482E006A32B4 /* AppDelegate.swift */ = {isa = PBXFileReference; lastKnownFileType = sourcecode.swift; path = AppDelegate.swift; sourceTree = "<group>"; };
		17C19F872379482E006A32B4 /* ViewController.swift */ = {isa = PBXFileReference; lastKnownFileType = sourcecode.swift; path = ViewController.swift; sourceTree = "<group>"; };
		17C19F8A2379482E006A32B4 /* Base */ = {isa = PBXFileReference; lastKnownFileType = file.storyboard; name = Base; path = Base.lproj/Main.storyboard; sourceTree = "<group>"; };
		17C19F8C23794830006A32B4 /* Assets.xcassets */ = {isa = PBXFileReference; lastKnownFileType = folder.assetcatalog; path = Assets.xcassets; sourceTree = "<group>"; };
		17C19F8F23794830006A32B4 /* Base */ = {isa = PBXFileReference; lastKnownFileType = file.storyboard; name = Base; path = Base.lproj/LaunchScreen.storyboard; sourceTree = "<group>"; };
		17C19F9123794830006A32B4 /* Info.plist */ = {isa = PBXFileReference; lastKnownFileType = text.plist.xml; path = Info.plist; sourceTree = "<group>"; };
		17C19F9623794830006A32B4 /* Results with autolayoutsTests.xctest */ = {isa = PBXFileReference; explicitFileType = wrapper.cfbundle; includeInIndex = 0; path = "Results with autolayoutsTests.xctest"; sourceTree = BUILT_PRODUCTS_DIR; };
		17C19F9A23794830006A32B4 /* Results_with_autolayoutsTests.swift */ = {isa = PBXFileReference; lastKnownFileType = sourcecode.swift; path = Results_with_autolayoutsTests.swift; sourceTree = "<group>"; };
		17C19F9C23794830006A32B4 /* Info.plist */ = {isa = PBXFileReference; lastKnownFileType = text.plist.xml; path = Info.plist; sourceTree = "<group>"; };
		17C19FA123794830006A32B4 /* Results with autolayoutsUITests.xctest */ = {isa = PBXFileReference; explicitFileType = wrapper.cfbundle; includeInIndex = 0; path = "Results with autolayoutsUITests.xctest"; sourceTree = BUILT_PRODUCTS_DIR; };
		17C19FA523794830006A32B4 /* Results_with_autolayoutsUITests.swift */ = {isa = PBXFileReference; lastKnownFileType = sourcecode.swift; path = Results_with_autolayoutsUITests.swift; sourceTree = "<group>"; };
		17C19FA723794830006A32B4 /* Info.plist */ = {isa = PBXFileReference; lastKnownFileType = text.plist.xml; path = Info.plist; sourceTree = "<group>"; };
/* End PBXFileReference section */

/* Begin PBXFrameworksBuildPhase section */
		17C19F7F2379482E006A32B4 /* Frameworks */ = {
			isa = PBXFrameworksBuildPhase;
			buildActionMask = 2147483647;
			files = (
			);
			runOnlyForDeploymentPostprocessing = 0;
		};
		17C19F9323794830006A32B4 /* Frameworks */ = {
			isa = PBXFrameworksBuildPhase;
			buildActionMask = 2147483647;
			files = (
			);
			runOnlyForDeploymentPostprocessing = 0;
		};
		17C19F9E23794830006A32B4 /* Frameworks */ = {
			isa = PBXFrameworksBuildPhase;
			buildActionMask = 2147483647;
			files = (
			);
			runOnlyForDeploymentPostprocessing = 0;
		};
/* End PBXFrameworksBuildPhase section */

/* Begin PBXGroup section */
		17C19F792379482E006A32B4 = {
			isa = PBXGroup;
			children = (
				17C19F842379482E006A32B4 /* Results with autolayouts */,
				17C19F9923794830006A32B4 /* Results with autolayoutsTests */,
				17C19FA423794830006A32B4 /* Results with autolayoutsUITests */,
				17C19F832379482E006A32B4 /* Products */,
			);
			sourceTree = "<group>";
		};
		17C19F832379482E006A32B4 /* Products */ = {
			isa = PBXGroup;
			children = (
				17C19F822379482E006A32B4 /* Results with autolayouts.app */,
				17C19F9623794830006A32B4 /* Results with autolayoutsTests.xctest */,
				17C19FA123794830006A32B4 /* Results with autolayoutsUITests.xctest */,
			);
			name = Products;
			sourceTree = "<group>";
		};
		17C19F842379482E006A32B4 /* Results with autolayouts */ = {
			isa = PBXGroup;
			children = (
				17C19F852379482E006A32B4 /* AppDelegate.swift */,
				17C19F872379482E006A32B4 /* ViewController.swift */,
				17C19F892379482E006A32B4 /* Main.storyboard */,
				17C19F8C23794830006A32B4 /* Assets.xcassets */,
				17C19F8E23794830006A32B4 /* LaunchScreen.storyboard */,
				17C19F9123794830006A32B4 /* Info.plist */,
			);
			path = "Results with autolayouts";
			sourceTree = "<group>";
		};
		17C19F9923794830006A32B4 /* Results with autolayoutsTests */ = {
			isa = PBXGroup;
			children = (
				17C19F9A23794830006A32B4 /* Results_with_autolayoutsTests.swift */,
				17C19F9C23794830006A32B4 /* Info.plist */,
			);
			path = "Results with autolayoutsTests";
			sourceTree = "<group>";
		};
		17C19FA423794830006A32B4 /* Results with autolayoutsUITests */ = {
			isa = PBXGroup;
			children = (
				17C19FA523794830006A32B4 /* Results_with_autolayoutsUITests.swift */,
				17C19FA723794830006A32B4 /* Info.plist */,
			);
			path = "Results with autolayoutsUITests";
			sourceTree = "<group>";
		};
/* End PBXGroup section */

/* Begin PBXNativeTarget section */
		17C19F812379482E006A32B4 /* Results with autolayouts */ = {
			isa = PBXNativeTarget;
			buildConfigurationList = 17C19FAA23794830006A32B4 /* Build configuration list for PBXNativeTarget "Results with autolayouts" */;
			buildPhases = (
				17C19F7E2379482E006A32B4 /* Sources */,
				17C19F7F2379482E006A32B4 /* Frameworks */,
				17C19F802379482E006A32B4 /* Resources */,
			);
			buildRules = (
			);
			dependencies = (
			);
			name = "Results with autolayouts";
			productName = "Results with autolayouts";
			productReference = 17C19F822379482E006A32B4 /* Results with autolayouts.app */;
			productType = "com.apple.product-type.application";
		};
		17C19F9523794830006A32B4 /* Results with autolayoutsTests */ = {
			isa = PBXNativeTarget;
			buildConfigurationList = 17C19FAD23794830006A32B4 /* Build configuration list for PBXNativeTarget "Results with autolayoutsTests" */;
			buildPhases = (
				17C19F9223794830006A32B4 /* Sources */,
				17C19F9323794830006A32B4 /* Frameworks */,
				17C19F9423794830006A32B4 /* Resources */,
			);
			buildRules = (
			);
			dependencies = (
				17C19F9823794830006A32B4 /* PBXTargetDependency */,
			);
			name = "Results with autolayoutsTests";
			productName = "Results with autolayoutsTests";
			productReference = 17C19F9623794830006A32B4 /* Results with autolayoutsTests.xctest */;
			productType = "com.apple.product-type.bundle.unit-test";
		};
		17C19FA023794830006A32B4 /* Results with autolayoutsUITests */ = {
			isa = PBXNativeTarget;
			buildConfigurationList = 17C19FB023794830006A32B4 /* Build configuration list for PBXNativeTarget "Results with autolayoutsUITests" */;
			buildPhases = (
				17C19F9D23794830006A32B4 /* Sources */,
				17C19F9E23794830006A32B4 /* Frameworks */,
				17C19F9F23794830006A32B4 /* Resources */,
			);
			buildRules = (
			);
			dependencies = (
				17C19FA323794830006A32B4 /* PBXTargetDependency */,
			);
			name = "Results with autolayoutsUITests";
			productName = "Results with autolayoutsUITests";
			productReference = 17C19FA123794830006A32B4 /* Results with autolayoutsUITests.xctest */;
			productType = "com.apple.product-type.bundle.ui-testing";
		};
/* End PBXNativeTarget section */

/* Begin PBXProject section */
		17C19F7A2379482E006A32B4 /* Project object */ = {
			isa = PBXProject;
			attributes = {
				LastSwiftUpdateCheck = 1000;
				LastUpgradeCheck = 1000;
				ORGANIZATIONNAME = "THOTA NAGARAJU";
				TargetAttributes = {
					17C19F812379482E006A32B4 = {
						CreatedOnToolsVersion = 10.0;
					};
					17C19F9523794830006A32B4 = {
						CreatedOnToolsVersion = 10.0;
						TestTargetID = 17C19F812379482E006A32B4;
					};
					17C19FA023794830006A32B4 = {
						CreatedOnToolsVersion = 10.0;
						TestTargetID = 17C19F812379482E006A32B4;
					};
				};
			};
			buildConfigurationList = 17C19F7D2379482E006A32B4 /* Build configuration list for PBXProject "Results with autolayouts" */;
			compatibilityVersion = "Xcode 9.3";
			developmentRegion = en;
			hasScannedForEncodings = 0;
			knownRegions = (
				en,
				Base,
			);
			mainGroup = 17C19F792379482E006A32B4;
			productRefGroup = 17C19F832379482E006A32B4 /* Products */;
			projectDirPath = "";
			projectRoot = "";
			targets = (
				17C19F812379482E006A32B4 /* Results with autolayouts */,
				17C19F9523794830006A32B4 /* Results with autolayoutsTests */,
				17C19FA023794830006A32B4 /* Results with autolayoutsUITests */,
			);
		};
/* End PBXProject section */

/* Begin PBXResourcesBuildPhase section */
		17C19F802379482E006A32B4 /* Resources */ = {
			isa = PBXResourcesBuildPhase;
			buildActionMask = 2147483647;
			files = (
				17C19F9023794830006A32B4 /* LaunchScreen.storyboard in Resources */,
				17C19F8D23794830006A32B4 /* Assets.xcassets in Resources */,
				17C19F8B2379482E006A32B4 /* Main.storyboard in Resources */,
			);
			runOnlyForDeploymentPostprocessing = 0;
		};
		17C19F9423794830006A32B4 /* Resources */ = {
			isa = PBXResourcesBuildPhase;
			buildActionMask = 2147483647;
			files = (
			);
			runOnlyForDeploymentPostprocessing = 0;
		};
		17C19F9F23794830006A32B4 /* Resources */ = {
			isa = PBXResourcesBuildPhase;
			buildActionMask = 2147483647;
			files = (
			);
			runOnlyForDeploymentPostprocessing = 0;
		};
/* End PBXResourcesBuildPhase section */

/* Begin PBXSourcesBuildPhase section */
		17C19F7E2379482E006A32B4 /* Sources */ = {
			isa = PBXSourcesBuildPhase;
			buildActionMask = 2147483647;
			files = (
				17C19F882379482E006A32B4 /* ViewController.swift in Sources */,
				17C19F862379482E006A32B4 /* AppDelegate.swift in Sources */,
			);
			runOnlyForDeploymentPostprocessing = 0;
		};
		17C19F9223794830006A32B4 /* Sources */ = {
			isa = PBXSourcesBuildPhase;
			buildActionMask = 2147483647;
			files = (
				17C19F9B23794830006A32B4 /* Results_with_autolayoutsTests.swift in Sources */,
			);
			runOnlyForDeploymentPostprocessing = 0;
		};
		17C19F9D23794830006A32B4 /* Sources */ = {
			isa = PBXSourcesBuildPhase;
			buildActionMask = 2147483647;
			files = (
				17C19FA623794830006A32B4 /* Results_with_autolayoutsUITests.swift in Sources */,
			);
			runOnlyForDeploymentPostprocessing = 0;
		};
/* End PBXSourcesBuildPhase section */

/* Begin PBXTargetDependency section */
		17C19F9823794830006A32B4 /* PBXTargetDependency */ = {
			isa = PBXTargetDependency;
			target = 17C19F812379482E006A32B4 /* Results with autolayouts */;
			targetProxy = 17C19F9723794830006A32B4 /* PBXContainerItemProxy */;
		};
		17C19FA323794830006A32B4 /* PBXTargetDependency */ = {
			isa = PBXTargetDependency;
			target = 17C19F812379482E006A32B4 /* Results with autolayouts */;
			targetProxy = 17C19FA223794830006A32B4 /* PBXContainerItemProxy */;
		};
/* End PBXTargetDependency section */

/* Begin PBXVariantGroup section */
		17C19F892379482E006A32B4 /* Main.storyboard */ = {
			isa = PBXVariantGroup;
			children = (
				17C19F8A2379482E006A32B4 /* Base */,
			);
			name = Main.storyboard;
			sourceTree = "<group>";
		};
		17C19F8E23794830006A32B4 /* LaunchScreen.storyboard */ = {
			isa = PBXVariantGroup;
			children = (
				17C19F8F23794830006A32B4 /* Base */,
			);
			name = LaunchScreen.storyboard;
			sourceTree = "<group>";
		};
/* End PBXVariantGroup section */

/* Begin XCBuildConfiguration section */
		17C19FA823794830006A32B4 /* Debug */ = {
			isa = XCBuildConfiguration;
			buildSettings = {
				ALWAYS_SEARCH_USER_PATHS = NO;
				CLANG_ANALYZER_NONNULL = YES;
				CLANG_ANALYZER_NUMBER_OBJECT_CONVERSION = YES_AGGRESSIVE;
				CLANG_CXX_LANGUAGE_STANDARD = "gnu++14";
				CLANG_CXX_LIBRARY = "libc++";
				CLANG_ENABLE_MODULES = YES;
				CLANG_ENABLE_OBJC_ARC = YES;
				CLANG_ENABLE_OBJC_WEAK = YES;
				CLANG_WARN_BLOCK_CAPTURE_AUTORELEASING = YES;
				CLANG_WARN_BOOL_CONVERSION = YES;
				CLANG_WARN_COMMA = YES;
				CLANG_WARN_CONSTANT_CONVERSION = YES;
				CLANG_WARN_DEPRECATED_OBJC_IMPLEMENTATIONS = YES;
				CLANG_WARN_DIRECT_OBJC_ISA_USAGE = YES_ERROR;
				CLANG_WARN_DOCUMENTATION_COMMENTS = YES;
				CLANG_WARN_EMPTY_BODY = YES;
				CLANG_WARN_ENUM_CONVERSION = YES;
				CLANG_WARN_INFINITE_RECURSION = YES;
				CLANG_WARN_INT_CONVERSION = YES;
				CLANG_WARN_NON_LITERAL_NULL_CONVERSION = YES;
				CLANG_WARN_OBJC_IMPLICIT_RETAIN_SELF = YES;
				CLANG_WARN_OBJC_LITERAL_CONVERSION = YES;
				CLANG_WARN_OBJC_ROOT_CLASS = YES_ERROR;
				CLANG_WARN_RANGE_LOOP_ANALYSIS = YES;
				CLANG_WARN_STRICT_PROTOTYPES = YES;
				CLANG_WARN_SUSPICIOUS_MOVE = YES;
				CLANG_WARN_UNGUARDED_AVAILABILITY = YES_AGGRESSIVE;
				CLANG_WARN_UNREACHABLE_CODE = YES;
				CLANG_WARN__DUPLICATE_METHOD_MATCH = YES;
				CODE_SIGN_IDENTITY = "iPhone Developer";
				COPY_PHASE_STRIP = NO;
				DEBUG_INFORMATION_FORMAT = dwarf;
				ENABLE_STRICT_OBJC_MSGSEND = YES;
				ENABLE_TESTABILITY = YES;
				GCC_C_LANGUAGE_STANDARD = gnu11;
				GCC_DYNAMIC_NO_PIC = NO;
				GCC_NO_COMMON_BLOCKS = YES;
				GCC_OPTIMIZATION_LEVEL = 0;
				GCC_PREPROCESSOR_DEFINITIONS = (
					"DEBUG=1",
					"$(inherited)",
				);
				GCC_WARN_64_TO_32_BIT_CONVERSION = YES;
				GCC_WARN_ABOUT_RETURN_TYPE = YES_ERROR;
				GCC_WARN_UNDECLARED_SELECTOR = YES;
				GCC_WARN_UNINITIALIZED_AUTOS = YES_AGGRESSIVE;
				GCC_WARN_UNUSED_FUNCTION = YES;
				GCC_WARN_UNUSED_VARIABLE = YES;
				IPHONEOS_DEPLOYMENT_TARGET = 12.0;
				MTL_ENABLE_DEBUG_INFO = INCLUDE_SOURCE;
				MTL_FAST_MATH = YES;
				ONLY_ACTIVE_ARCH = YES;
				SDKROOT = iphoneos;
				SWIFT_ACTIVE_COMPILATION_CONDITIONS = DEBUG;
				SWIFT_OPTIMIZATION_LEVEL = "-Onone";
			};
			name = Debug;
		};
		17C19FA923794830006A32B4 /* Release */ = {
			isa = XCBuildConfiguration;
			buildSettings = {
				ALWAYS_SEARCH_USER_PATHS = NO;
				CLANG_ANALYZER_NONNULL = YES;
				CLANG_ANALYZER_NUMBER_OBJECT_CONVERSION = YES_AGGRESSIVE;
				CLANG_CXX_LANGUAGE_STANDARD = "gnu++14";
				CLANG_CXX_LIBRARY = "libc++";
				CLANG_ENABLE_MODULES = YES;
				CLANG_ENABLE_OBJC_ARC = YES;
				CLANG_ENABLE_OBJC_WEAK = YES;
				CLANG_WARN_BLOCK_CAPTURE_AUTORELEASING = YES;
				CLANG_WARN_BOOL_CONVERSION = YES;
				CLANG_WARN_COMMA = YES;
				CLANG_WARN_CONSTANT_CONVERSION = YES;
				CLANG_WARN_DEPRECATED_OBJC_IMPLEMENTATIONS = YES;
				CLANG_WARN_DIRECT_OBJC_ISA_USAGE = YES_ERROR;
				CLANG_WARN_DOCUMENTATION_COMMENTS = YES;
				CLANG_WARN_EMPTY_BODY = YES;
				CLANG_WARN_ENUM_CONVERSION = YES;
				CLANG_WARN_INFINITE_RECURSION = YES;
				CLANG_WARN_INT_CONVERSION = YES;
				CLANG_WARN_NON_LITERAL_NULL_CONVERSION = YES;
				CLANG_WARN_OBJC_IMPLICIT_RETAIN_SELF = YES;
				CLANG_WARN_OBJC_LITERAL_CONVERSION = YES;
				CLANG_WARN_OBJC_ROOT_CLASS = YES_ERROR;
				CLANG_WARN_RANGE_LOOP_ANALYSIS = YES;
				CLANG_WARN_STRICT_PROTOTYPES = YES;
				CLANG_WARN_SUSPICIOUS_MOVE = YES;
				CLANG_WARN_UNGUARDED_AVAILABILITY = YES_AGGRESSIVE;
				CLANG_WARN_UNREACHABLE_CODE = YES;
				CLANG_WARN__DUPLICATE_METHOD_MATCH = YES;
				CODE_SIGN_IDENTITY = "iPhone Developer";
				COPY_PHASE_STRIP = NO;
				DEBUG_INFORMATION_FORMAT = "dwarf-with-dsym";
				ENABLE_NS_ASSERTIONS = NO;
				ENABLE_STRICT_OBJC_MSGSEND = YES;
				GCC_C_LANGUAGE_STANDARD = gnu11;
				GCC_NO_COMMON_BLOCKS = YES;
				GCC_WARN_64_TO_32_BIT_CONVERSION = YES;
				GCC_WARN_ABOUT_RETURN_TYPE = YES_ERROR;
				GCC_WARN_UNDECLARED_SELECTOR = YES;
				GCC_WARN_UNINITIALIZED_AUTOS = YES_AGGRESSIVE;
				GCC_WARN_UNUSED_FUNCTION = YES;
				GCC_WARN_UNUSED_VARIABLE = YES;
				IPHONEOS_DEPLOYMENT_TARGET = 12.0;
				MTL_ENABLE_DEBUG_INFO = NO;
				MTL_FAST_MATH = YES;
				SDKROOT = iphoneos;
				SWIFT_COMPILATION_MODE = wholemodule;
				SWIFT_OPTIMIZATION_LEVEL = "-O";
				VALIDATE_PRODUCT = YES;
			};
			name = Release;
		};
		17C19FAB23794830006A32B4 /* Debug */ = {
			isa = XCBuildConfiguration;
			buildSettings = {
				ASSETCATALOG_COMPILER_APPICON_NAME = AppIcon;
				CODE_SIGN_STYLE = Automatic;
				INFOPLIST_FILE = "Results with autolayouts/Info.plist";
				LD_RUNPATH_SEARCH_PATHS = (
					"$(inherited)",
					"@executable_path/Frameworks",
				);
				PRODUCT_BUNDLE_IDENTIFIER = "nagathota.Results-with-autolayouts";
				PRODUCT_NAME = "$(TARGET_NAME)";
				SWIFT_VERSION = 4.2;
				TARGETED_DEVICE_FAMILY = "1,2";
			};
			name = Debug;
		};
		17C19FAC23794830006A32B4 /* Release */ = {
			isa = XCBuildConfiguration;
			buildSettings = {
				ASSETCATALOG_COMPILER_APPICON_NAME = AppIcon;
				CODE_SIGN_STYLE = Automatic;
				INFOPLIST_FILE = "Results with autolayouts/Info.plist";
				LD_RUNPATH_SEARCH_PATHS = (
					"$(inherited)",
					"@executable_path/Frameworks",
				);
				PRODUCT_BUNDLE_IDENTIFIER = "nagathota.Results-with-autolayouts";
				PRODUCT_NAME = "$(TARGET_NAME)";
				SWIFT_VERSION = 4.2;
				TARGETED_DEVICE_FAMILY = "1,2";
			};
			name = Release;
		};
		17C19FAE23794830006A32B4 /* Debug */ = {
			isa = XCBuildConfiguration;
			buildSettings = {
				ALWAYS_EMBED_SWIFT_STANDARD_LIBRARIES = YES;
				BUNDLE_LOADER = "$(TEST_HOST)";
				CODE_SIGN_STYLE = Automatic;
				INFOPLIST_FILE = "Results with autolayoutsTests/Info.plist";
				LD_RUNPATH_SEARCH_PATHS = (
					"$(inherited)",
					"@executable_path/Frameworks",
					"@loader_path/Frameworks",
				);
				PRODUCT_BUNDLE_IDENTIFIER = "nagathota.Results-with-autolayoutsTests";
				PRODUCT_NAME = "$(TARGET_NAME)";
				SWIFT_VERSION = 4.2;
				TARGETED_DEVICE_FAMILY = "1,2";
				TEST_HOST = "$(BUILT_PRODUCTS_DIR)/Results with autolayouts.app/Results with autolayouts";
			};
			name = Debug;
		};
		17C19FAF23794830006A32B4 /* Release */ = {
			isa = XCBuildConfiguration;
			buildSettings = {
				ALWAYS_EMBED_SWIFT_STANDARD_LIBRARIES = YES;
				BUNDLE_LOADER = "$(TEST_HOST)";
				CODE_SIGN_STYLE = Automatic;
				INFOPLIST_FILE = "Results with autolayoutsTests/Info.plist";
				LD_RUNPATH_SEARCH_PATHS = (
					"$(inherited)",
					"@executable_path/Frameworks",
					"@loader_path/Frameworks",
				);
				PRODUCT_BUNDLE_IDENTIFIER = "nagathota.Results-with-autolayoutsTests";
				PRODUCT_NAME = "$(TARGET_NAME)";
				SWIFT_VERSION = 4.2;
				TARGETED_DEVICE_FAMILY = "1,2";
				TEST_HOST = "$(BUILT_PRODUCTS_DIR)/Results with autolayouts.app/Results with autolayouts";
			};
			name = Release;
		};
		17C19FB123794830006A32B4 /* Debug */ = {
			isa = XCBuildConfiguration;
			buildSettings = {
				ALWAYS_EMBED_SWIFT_STANDARD_LIBRARIES = YES;
				CODE_SIGN_STYLE = Automatic;
				INFOPLIST_FILE = "Results with autolayoutsUITests/Info.plist";
				LD_RUNPATH_SEARCH_PATHS = (
					"$(inherited)",
					"@executable_path/Frameworks",
					"@loader_path/Frameworks",
				);
				PRODUCT_BUNDLE_IDENTIFIER = "nagathota.Results-with-autolayoutsUITests";
				PRODUCT_NAME = "$(TARGET_NAME)";
				SWIFT_VERSION = 4.2;
				TARGETED_DEVICE_FAMILY = "1,2";
				TEST_TARGET_NAME = "Results with autolayouts";
			};
			name = Debug;
		};
		17C19FB223794830006A32B4 /* Release */ = {
			isa = XCBuildConfiguration;
			buildSettings = {
				ALWAYS_EMBED_SWIFT_STANDARD_LIBRARIES = YES;
				CODE_SIGN_STYLE = Automatic;
				INFOPLIST_FILE = "Results with autolayoutsUITests/Info.plist";
				LD_RUNPATH_SEARCH_PATHS = (
					"$(inherited)",
					"@executable_path/Frameworks",
					"@loader_path/Frameworks",
				);
				PRODUCT_BUNDLE_IDENTIFIER = "nagathota.Results-with-autolayoutsUITests";
				PRODUCT_NAME = "$(TARGET_NAME)";
				SWIFT_VERSION = 4.2;
				TARGETED_DEVICE_FAMILY = "1,2";
				TEST_TARGET_NAME = "Results with autolayouts";
			};
			name = Release;
		};
/* End XCBuildConfiguration section */

/* Begin XCConfigurationList section */
		17C19F7D2379482E006A32B4 /* Build configuration list for PBXProject "Results with autolayouts" */ = {
			isa = XCConfigurationList;
			buildConfigurations = (
				17C19FA823794830006A32B4 /* Debug */,
				17C19FA923794830006A32B4 /* Release */,
			);
			defaultConfigurationIsVisible = 0;
			defaultConfigurationName = Release;
		};
		17C19FAA23794830006A32B4 /* Build configuration list for PBXNativeTarget "Results with autolayouts" */ = {
			isa = XCConfigurationList;
			buildConfigurations = (
				17C19FAB23794830006A32B4 /* Debug */,
				17C19FAC23794830006A32B4 /* Release */,
			);
			defaultConfigurationIsVisible = 0;
			defaultConfigurationName = Release;
		};
		17C19FAD23794830006A32B4 /* Build configuration list for PBXNativeTarget "Results with autolayoutsTests" */ = {
			isa = XCConfigurationList;
			buildConfigurations = (
				17C19FAE23794830006A32B4 /* Debug */,
				17C19FAF23794830006A32B4 /* Release */,
			);
			defaultConfigurationIsVisible = 0;
			defaultConfigurationName = Release;
		};
		17C19FB023794830006A32B4 /* Build configuration list for PBXNativeTarget "Results with autolayoutsUITests" */ = {
			isa = XCConfigurationList;
			buildConfigurations = (
				17C19FB123794830006A32B4 /* Debug */,
				17C19FB223794830006A32B4 /* Release */,
			);
			defaultConfigurationIsVisible = 0;
			defaultConfigurationName = Release;
		};
/* End XCConfigurationList section */
	};
	rootObject = 17C19F7A2379482E006A32B4 /* Project object */;
}
